
Microsoft Visual Studio Solution File, Format Version 12.00
# Visual Studio Version 16
VisualStudioVersion = 16.0.29613.14
MinimumVisualStudioVersion = 10.0.40219.1
Project("{FAE04EC0-301F-11D3-BF4B-00C04F79EFBC}") = "Richie.NetCore", "Richie.NetCore\Richie.NetCore.csproj", "{26C02639-58EF-4601-9FB4-C21F6ED9EB6C}"
EndProject
Global
	GlobalSection(SolutionConfigurationPlatforms) = preSolution
		Debug|Any CPU = Debug|Any CPU
		Release|Any CPU = Release|Any CPU
	EndGlobalSection
	GlobalSection(ProjectConfigurationPlatforms) = postSolution
		{26C02639-58EF-4601-9FB4-C21F6ED9EB6C}.Debug|Any CPU.ActiveCfg = Debug|Any CPU
		{26C02639-58EF-4601-9FB4-C21F6ED9EB6C}.Debug|Any CPU.Build.0 = Debug|Any CPU
		{26C02639-58EF-4601-9FB4-C21F6ED9EB6C}.Release|Any CPU.ActiveCfg = Release|Any CPU
		{26C02639-58EF-4601-9FB4-C21F6ED9EB6C}.Release|Any CPU.Build.0 = Release|Any CPU
	EndGlobalSection
	GlobalSection(SolutionProperties) = preSolution
		HideSolutionNode = FALSE
	EndGlobalSection
	GlobalSection(ExtensibilityGlobals) = postSolution
		SolutionGuid = {F9526DA4-6E66-4552-A971-3F473C8EB581}
	EndGlobalSection
EndGlobal
